
Microsoft Visual Studio Solution File, Format Version 12.00
# Visual Studio 15
VisualStudioVersion = 15.0.26730.8
MinimumVisualStudioVersion = 10.0.40219.1
Project("{FAE04EC0-301F-11D3-BF4B-00C04F79EFBC}") = "Portal", "Portal\Portal.csproj", "{D66AC829-E3C4-4827-9AE0-B5225034BAD2}"
EndProject
Project("{FAE04EC0-301F-11D3-BF4B-00C04F79EFBC}") = "PortalTests", "PortalTests\PortalTests.csproj", "{A4999FEB-0AEC-40FE-8BF0-18E9C1CC4F50}"
EndProject
Project("{FAE04EC0-301F-11D3-BF4B-00C04F79EFBC}") = "PortalLibrary", "PortalLibrary\PortalLibrary.csproj", "{E74342B2-8AD9-4087-9510-5429B2C83C8B}"
EndProject
Global
	GlobalSection(SolutionConfigurationPlatforms) = preSolution
		Debug|Any CPU = Debug|Any CPU
		Release|Any CPU = Release|Any CPU
	EndGlobalSection
	GlobalSection(ProjectConfigurationPlatforms) = postSolution
		{D66AC829-E3C4-4827-9AE0-B5225034BAD2}.Debug|Any CPU.ActiveCfg = Debug|Any CPU
		{D66AC829-E3C4-4827-9AE0-B5225034BAD2}.Debug|Any CPU.Build.0 = Debug|Any CPU
		{D66AC829-E3C4-4827-9AE0-B5225034BAD2}.Release|Any CPU.ActiveCfg = Release|Any CPU
		{D66AC829-E3C4-4827-9AE0-B5225034BAD2}.Release|Any CPU.Build.0 = Release|Any CPU
		{A4999FEB-0AEC-40FE-8BF0-18E9C1CC4F50}.Debug|Any CPU.ActiveCfg = Debug|Any CPU
		{A4999FEB-0AEC-40FE-8BF0-18E9C1CC4F50}.Debug|Any CPU.Build.0 = Debug|Any CPU
		{A4999FEB-0AEC-40FE-8BF0-18E9C1CC4F50}.Release|Any CPU.ActiveCfg = Release|Any CPU
		{A4999FEB-0AEC-40FE-8BF0-18E9C1CC4F50}.Release|Any CPU.Build.0 = Release|Any CPU
		{E74342B2-8AD9-4087-9510-5429B2C83C8B}.Debug|Any CPU.ActiveCfg = Debug|Any CPU
		{E74342B2-8AD9-4087-9510-5429B2C83C8B}.Debug|Any CPU.Build.0 = Debug|Any CPU
		{E74342B2-8AD9-4087-9510-5429B2C83C8B}.Release|Any CPU.ActiveCfg = Release|Any CPU
		{E74342B2-8AD9-4087-9510-5429B2C83C8B}.Release|Any CPU.Build.0 = Release|Any CPU
	EndGlobalSection
	GlobalSection(SolutionProperties) = preSolution
		HideSolutionNode = FALSE
	EndGlobalSection
	GlobalSection(ExtensibilityGlobals) = postSolution
		SolutionGuid = {6D806DE2-97FD-4C77-8F25-DA7905EFA2BC}
	EndGlobalSection
EndGlobal
